github.com/DATA-DOG/go-sqlmock v1.3.0 h1:ljjRxlddjfChBJdFKJs5LuCwCWPLaC1UZLwAo3PBBMk=
github.com/DATA-DOG/go-sqlmock v1.3.0/go.mod h1:f/Ixk793poVmq4qj/V1dPUg2JEAKC73Q5eFN3EC/SaM=
github.com/boltdb/bolt v1.3.1-0.20170131192018-e9cf4fae01b5 h1:TRgs7RwJh0BrpASYsDd8l0bfmvokcmNA31TUXZsC7us=
github.com/boltdb/bolt v1.3.1-0.20170131192018-e9cf4fae01b5/go.mod h1:clJnj/oiGkjum5o1McbSZDSLxVThjynRyGBgiAx27Ps=
github.com/codegangsta/cli v1.8.1-0.20150711215404-bca61c476e3c h1:EEGVs+1A4JOx+zqRqDmBu6YDQMluO+ztMtS4CRXnelA=
github.com/codegangsta/cli v1.8.1-0.20150711215404-bca61c476e3c/go.mod h1:/qJNoX69yVSKu5o4jLyXAENLRyk1uhi7zkbQ3slBdOA=
github.com/codegangsta/negroni v0.1.1-0.20150319171304-c7477ad8e330 h1:M/anPvoT8sd0FHMD2LFr4PA8/pbwCtD+G1CO9tjkWeE=
github.com/codegangsta/negroni v0.1.1-0.20150319171304-c7477ad8e330/go.mod h1:v0y3T5G7Y1UlFfyxFn/QLRU4a2EuNau2iZY63YTKWo0=
github.com/cornelk/hashmap v0.0.0-20170323055448-5fee90babde7 h1:E7WMEgOCyImrPWn6fDGeqPkNeJZ9Kj7jJCcm+OeqrIQ=
github.com/cornelk/hashmap v0.0.0-20170323055448-5fee90babde7/go.mod h1:7e2Xeo2DYqB6QTAmEyHW2o/0kHrlup7v4lNEN7AuX3A=
github.com/cornelk/hashmap v1.0.1 h1:RXGcy29hEdLLV8T6aK4s+BAd4tq4+3Hq50N2GoG0uIg=
github.com/cornelk/hashmap v1.0.1/go.mod h1:8wbysTUDnwJGrPZ1Iwsou3m+An6sldFrJItjRhfegCw=
github.com/dchest/siphash v1.1.0 h1:1Rs9eTUlZLPBEvV+2sTaM8O0NWn0ppbgqS7p11aWawI=
github.com/dchest/siphash v1.1.0/go.mod h1:q+IRvb2gOSrUnYoPqHiyHXS0FOBBOdl6tONBlVnOnt4=
github.com/garyburd/redigo v1.0.1-0.20170208211623-48545177e92a h1:iKfFuP8kanXML1YrGqVS7nZJJ2ScdVNlm++ds20J/hY=
github.com/garyburd/redigo v1.0.1-0.20170208211623-48545177e92a/go.mod h1:NR3MbYisc3/PwhQ00EMzDiPmrwpPxAn5GI05/YaO1SY=
github.com/go-sql-driver/mysql v1.4.0/go.mod h1:zAC/RDZ24gD3HViQzih4MyKcchzm+sOG5ZlKdlhCg5w=
github.com/go-sql-driver/mysql v1.4.1 h1:g24URVg0OFbNUTx9qqY1IRZ9D9z3iPyi5zKhQZpNwpA=
github.com/go-sql-driver/mysql v1.4.1/go.mod h1:zAC/RDZ24gD3HViQzih4MyKcchzm+sOG5ZlKdlhCg5w=
github.com/gorilla/context v0.0.0-20141217160251-215affda49ad h1:wJwKN6X6iRRVnjdBgrkWjhBOvYm7yw5boqXwFUnBtbE=
github.com/gorilla/context v0.0.0-20141217160251-215affda49ad/go.mod h1:kBGZzfjB9CEq2AlWe17Uuf7NDRt0dE0s8S51q0aT7Yg=
github.com/gorilla/mux v0.0.0-20150808061613-ffb3f683aad4 h1:KjPAzjQA6o9mF9lpyTX7fqmYjuXmoFCO9UTO0kleLpY=
github.com/gorilla/mux v0.0.0-20150808061613-ffb3f683aad4/go.mod h1:1lud6UwP+6orDFRuTfBEV8e9/aOM/c4fVVCaMa2zaAs=
github.com/hashicorp/consul v0.9.1-0.20170720214845-3117d9ec2b86 h1:di2sP9u9Ntj+EBGMBpYM4QJiR1jLKcYPn+sLAN7QFtA=
github.com/hashicorp/consul v0.9.1-0.20170720214845-3117d9ec2b86/go.mod h1:mFrjN1mfidgJfYP1xrJCF+AfRhr6Eaqhb2+sfyn/OOI=
github.com/hashicorp/go-cleanhttp v0.0.0-20170211013415-3573b8b52aa7 h1:67fHcS+inUoiIqWCKIqeDuq2AlPHNHPiTqp97LdQ+bc=
github.com/hashicorp/go-cleanhttp v0.0.0-20170211013415-3573b8b52aa7/go.mod h1:JpRdi6/HCYpAwUzNwuwqhbovhLtngrth3wmdIIUrZ80=
github.com/hashicorp/go-rootcerts v0.0.0-20160503143440-6bb64b370b90 h1:VBj0QYQ0u2MCJzBfeYXGexnAl17GsH1yidnoxCqqD9E=
github.com/hashicorp/go-rootcerts v0.0.0-20160503143440-6bb64b370b90/go.mod h1:o4zcYY1e0GEZI6eSEr+43QDYmuGglw1qSO6qdHUHCgg=
github.com/hashicorp/serf v0.8.2-0.20170714182601-bbeddf0b3ab3 h1:pdNc4XINLZmFwCkCkydpeceXPwn6lWUxHWdRIWZaNAE=
github.com/hashicorp/serf v0.8.2-0.20170714182601-bbeddf0b3ab3/go.mod h1:h/Ru6tmZazX7WO/GDmwdpS975F019L4t5ng5IgwbNrE=
github.com/jmoiron/sqlx v1.2.0 h1:41Ip0zITnmWNR/vHV+S4m+VoUivnWY5E4OJfLZjCJMA=
github.com/jmoiron/sqlx v1.2.0/go.mod h1:1FEQNm3xlJgrMD+FBdI9+xvCksHtbpVBBw5dYhBSsks=
github.com/lestrrat-go/tcputil v0.0.0-20180223003554-d3c7f98154fb h1:sb9NxqWoS17VT3aZd4mlBm48bsaHB1Fvwro3H/uiuZM=
github.com/lestrrat-go/tcputil v0.0.0-20180223003554-d3c7f98154fb/go.mod h1:bBamYL9/WjNn0b2CS4v4F8cHmWRpClSxrpEoAY+maJo=
github.com/lestrrat-go/test-mysqld v0.0.0-20190527004737-6c91be710371 h1:3krMZFzgjxQciWgQxfaj4wd1zKsnis7MRg52/Do9btk=
github.com/lestrrat-go/test-mysqld v0.0.0-20190527004737-6c91be710371/go.mod h1:nNdGDcaEskqrh833et3XzSkflbxqVuf5OBX4S/ho/CM=
github.com/lib/pq v0.0.0-20170810061220-e42267488fe3 h1:2Fs7SMFLrtkGta5HodD3MRV3nIzv+6I90eSfqwPklbo=
github.com/lib/pq v0.0.0-20170810061220-e42267488fe3/go.mod h1:5WUZQaWbwv1U+lTReE5YruASi9Al49XbQIvNi/34Woo=
github.com/lib/pq v1.0.0 h1:X5PMW56eZitiTeO7tKzZxFCSpbFZJtkMMooicw2us9A=
github.com/lib/pq v1.0.0/go.mod h1:5WUZQaWbwv1U+lTReE5YruASi9Al49XbQIvNi/34Woo=
github.com/mattn/go-shellwords v1.0.0 h1:xlTU5yhz4gG9QkPtaLZeDXCbsEkX+Ve2rxmVmG5PdSs=
github.com/mattn/go-shellwords v1.0.0/go.mod h1:3xCvwCdWdlDJUrvuMn7Wuy9eWs4pE8vqg+NOMyg4B2o=
github.com/mattn/go-sqlite3 v1.9.0/go.mod h1:FPy6KqzDD04eiIsT53CuJW3U88zkxoIYsOqkbpncsNc=
github.com/mitchellh/go-homedir v0.0.0-20161203194507-b8bc1bf76747 h1:eQox4Rh4ewJF+mqYPxCkmBAirRnPaHEB26UkNuPyjlk=
github.com/mitchellh/go-homedir v0.0.0-20161203194507-b8bc1bf76747/go.mod h1:SfyaCUpYCn1Vlf4IUYiD9fPX4A5wJrkLzIz1N1q0pr0=
github.com/mixer/clock v0.0.0-20190507173039-c311c17adb1f h1:GVMwQJIugRbOBgPK5RvPdvKPCxFex4bx+MUj2oG70XI=
github.com/mixer/clock v0.0.0-20190507173039-c311c17adb1f/go.mod h1:U8TDygO2XZh1RtBCgX7oRbJ7gmSH4C6FROsBdQ6QyCc=
github.com/nu7hatch/gouuid v0.0.0-20131221200532-179d4d0c4d8d h1:VhgPp6v9qf9Agr/56bj7Y/xa04UccTW04VP0Qed4vnQ=
github.com/nu7hatch/gouuid v0.0.0-20131221200532-179d4d0c4d8d/go.mod h1:YUTz3bUH2ZwIWBy3CJBeOBEugqcmXREj14T+iG/4k4U=
github.com/pkg/errors v0.8.1 h1:iURUrRGxPUNPdy5/HRSm+Yj6okJ6UtLINN0Q9M4+h3I=
github.com/pkg/errors v0.8.1/go.mod h1:bwawxfHBFNV+L2hUp1rHADufV3IMtnDRdf1r5NINEl0=
github.com/rafaeljusto/redigomock v0.0.0-20170720131524-7ae0511314e9 h1:AgFSzGRVSy1kZ8EBHycQc6qK9gVqhJnVI2H/dk2cY/Y=
github.com/rafaeljusto/redigomock v0.0.0-20170720131524-7ae0511314e9/go.mod h1:JaY6n2sDr+z2WTsXkOmNRUfDy6FN0L6Nk7x06ndm4tY=
github.com/sirupsen/logrus v0.11.3-0.20170215164324-7f4b1adc7917 h1:Htzuz6xXfkr899EdybTM/d2NuQqbA8Ysf+EYTo/8T+4=
github.com/sirupsen/logrus v0.11.3-0.20170215164324-7f4b1adc7917/go.mod h1:pMByvHTf9Beacp5x1UXfOR9xyW/9antXMhjMPG0dEzc=
github.com/stretchr/testify v0.0.0-20150812162424-f5520455607c h1:fBOeq3TotuOI9gVTCTzuY8SPYypfBTGDhsX5gW/FFdU=
github.com/stretchr/testify v0.0.0-20150812162424-f5520455607c/go.mod h1:a8OnRcib4nhh0OaRAV+Yts87kKdq0PP7pXfy6kDkUVs=
golang.org/x/sys v0.0.0-20161023150541-c200b10b5d5e/go.mod h1:STP8DvDyc/dI5b8T5hshtkjS+E42TnysNCUPdjciGhY=
gopkg.in/mgo.v2 v2.0.0-20160818020120-3f83fa500528 h1:/saqWwm73dLmuzbNhe92F0QsZ/KiFND+esHco2v1hiY=
gopkg.in/mgo.v2 v2.0.0-20160818020120-3f83fa500528/go.mod h1:yeKp02qBN3iKW1OzL3MGk2IdtZzaj7SFntXj72NppTA=
